
Microsoft Visual Studio Solution File, Format Version 12.00
# Visual Studio 15
VisualStudioVersion = 15.0.27428.2027
MinimumVisualStudioVersion = 10.0.40219.1
Project("{FAE04EC0-301F-11D3-BF4B-00C04F79EFBC}") = "UkeyTech.OA.WebApp", "UkeyTech.OA.WebApp\UkeyTech.OA.WebApp.csproj", "{DE6E6153-270F-4652-8250-FB453E302063}"
EndProject
Project("{FAE04EC0-301F-11D3-BF4B-00C04F79EFBC}") = "UkeyTech.OA.Equity", "UkeyTech.OA.Equity\UkeyTech.OA.Equity.csproj", "{FCB413EF-5874-4F7A-A0D9-7AAF24C389A2}"
EndProject
Project("{FAE04EC0-301F-11D3-BF4B-00C04F79EFBC}") = "UkeyTech.OA.WebApp.Equity", "UkeyTech.OA.WebApp\Areas\Equity\UkeyTech.OA.WebApp.Equity.csproj", "{FC384A28-0FEA-4333-BC7D-F23C51E6EA10}"
EndProject
Project("{FAE04EC0-301F-11D3-BF4B-00C04F79EFBC}") = "UkeyTech.OA.FrameWork", "UkeyTech.OA.FrameWork\UkeyTech.OA.FrameWork.csproj", "{416554E8-924E-44B8-B57C-44EDA46B4E8A}"
EndProject
Global
	GlobalSection(SolutionConfigurationPlatforms) = preSolution
		Debug|Any CPU = Debug|Any CPU
		Release|Any CPU = Release|Any CPU
	EndGlobalSection
	GlobalSection(ProjectConfigurationPlatforms) = postSolution
		{DE6E6153-270F-4652-8250-FB453E302063}.Debug|Any CPU.ActiveCfg = Debug|Any CPU
		{DE6E6153-270F-4652-8250-FB453E302063}.Debug|Any CPU.Build.0 = Debug|Any CPU
		{DE6E6153-270F-4652-8250-FB453E302063}.Release|Any CPU.ActiveCfg = Release|Any CPU
		{DE6E6153-270F-4652-8250-FB453E302063}.Release|Any CPU.Build.0 = Release|Any CPU
		{FCB413EF-5874-4F7A-A0D9-7AAF24C389A2}.Debug|Any CPU.ActiveCfg = Debug|Any CPU
		{FCB413EF-5874-4F7A-A0D9-7AAF24C389A2}.Debug|Any CPU.Build.0 = Debug|Any CPU
		{FCB413EF-5874-4F7A-A0D9-7AAF24C389A2}.Release|Any CPU.ActiveCfg = Release|Any CPU
		{FCB413EF-5874-4F7A-A0D9-7AAF24C389A2}.Release|Any CPU.Build.0 = Release|Any CPU
		{FC384A28-0FEA-4333-BC7D-F23C51E6EA10}.Debug|Any CPU.ActiveCfg = Debug|Any CPU
		{FC384A28-0FEA-4333-BC7D-F23C51E6EA10}.Debug|Any CPU.Build.0 = Debug|Any CPU
		{FC384A28-0FEA-4333-BC7D-F23C51E6EA10}.Release|Any CPU.ActiveCfg = Release|Any CPU
		{FC384A28-0FEA-4333-BC7D-F23C51E6EA10}.Release|Any CPU.Build.0 = Release|Any CPU
		{416554E8-924E-44B8-B57C-44EDA46B4E8A}.Debug|Any CPU.ActiveCfg = Debug|Any CPU
		{416554E8-924E-44B8-B57C-44EDA46B4E8A}.Debug|Any CPU.Build.0 = Debug|Any CPU
		{416554E8-924E-44B8-B57C-44EDA46B4E8A}.Release|Any CPU.ActiveCfg = Release|Any CPU
		{416554E8-924E-44B8-B57C-44EDA46B4E8A}.Release|Any CPU.Build.0 = Release|Any CPU
	EndGlobalSection
	GlobalSection(SolutionProperties) = preSolution
		HideSolutionNode = FALSE
	EndGlobalSection
	GlobalSection(ExtensibilityGlobals) = postSolution
		SolutionGuid = {B8983078-9395-432F-956F-72B3E8C10E99}
	EndGlobalSection
	GlobalSection(SubversionScc) = preSolution
		Svn-Managed = True
		Manager = AnkhSVN - Subversion Support for Visual Studio
	EndGlobalSection
EndGlobal
